{
  "lockfileVersion": 1,
  "workspaces": {
    "": {
      "name": "anymodal",
      "devDependencies": {
        "@types/react": "^19",
        "@types/react-dom": "^19",
      },
      "peerDependencies": {
        "@siberiacancode/reactuse": "^0.2.15",
        "react": "^19",
        "valtio": "^2.1.5",
      },
    },
  },
  "packages": {
    "@siberiacancode/reactuse": ["@siberiacancode/reactuse@0.2.22", "", { "dependencies": { "screenfull": "^6.0.2" }, "peerDependencies": { "@types/react": "^18 || ^19", "react": "^18 || ^19", "react-dom": "^18 || ^19" }, "optionalPeers": ["@types/react"] }, "sha512-P0QM7fTMXYQdvqXs86pIdzWjlBUYBl7zPgln0QNHgROFm1yw7tMkJOp9U5rPSSTEElBmlfdn6TB3XUC/qdkeFg=="],

    "@types/react": ["@types/react@19.1.8", "", { "dependencies": { "csstype": "^3.0.2" } }, "sha512-AwAfQ2Wa5bCx9WP8nZL2uMZWod7J7/JSplxbTmBQ5ms6QpqNYm672H0Vu9ZVKVngQ+ii4R/byguVEUZQyeg44g=="],

    "@types/react-dom": ["@types/react-dom@19.1.6", "", { "peerDependencies": { "@types/react": "^19.0.0" } }, "sha512-4hOiT/dwO8Ko0gV1m/TJZYk3y0KBnY9vzDh7W+DH17b2HFSOGgdj33dhihPeuy3l0q23+4e+hoXHV6hCC4dCXw=="],

    "csstype": ["csstype@3.1.3", "", {}, "sha512-M1uQkMl8rQK/szD0LNhtqxIPLpimGm8sOBwU7lLnCpSbTyY3yeU1Vc7l4KT5zT4s/yOxHH5O7tIuuLOCnLADRw=="],

    "proxy-compare": ["proxy-compare@3.0.1", "", {}, "sha512-V9plBAt3qjMlS1+nC8771KNf6oJ12gExvaxnNzN/9yVRLdTv/lc+oJlnSzrdYDAvBfTStPCoiaCOTmTs0adv7Q=="],

    "react": ["react@19.1.0", "", {}, "sha512-FS+XFBNvn3GTAWq26joslQgWNoFu08F4kl0J4CgdNKADkdSGXQyTCnKteIAJy96Br6YbpEU1LSzV5dYtjMkMDg=="],

    "react-dom": ["react-dom@19.1.0", "", { "dependencies": { "scheduler": "^0.26.0" }, "peerDependencies": { "react": "^19.1.0" } }, "sha512-Xs1hdnE+DyKgeHJeJznQmYMIBG3TKIHJJT95Q58nHLSrElKlGQqDTR2HQ9fx5CN/Gk6Vh/kupBTDLU11/nDk/g=="],

    "scheduler": ["scheduler@0.26.0", "", {}, "sha512-NlHwttCI/l5gCPR3D1nNXtWABUmBwvZpEQiD4IXSbIDq8BzLIK/7Ir5gTFSGZDUu37K5cMNp0hFtzO38sC7gWA=="],

    "screenfull": ["screenfull@6.0.2", "", {}, "sha512-AQdy8s4WhNvUZ6P8F6PB21tSPIYKniic+Ogx0AacBMjKP1GUHN2E9URxQHtCusiwxudnCKkdy4GrHXPPJSkCCw=="],

    "valtio": ["valtio@2.1.5", "", { "dependencies": { "proxy-compare": "^3.0.1" }, "peerDependencies": { "@types/react": ">=18.0.0", "react": ">=18.0.0" }, "optionalPeers": ["@types/react", "react"] }, "sha512-vsh1Ixu5mT0pJFZm+Jspvhga5GzHUTYv0/+Th203pLfh3/wbHwxhu/Z2OkZDXIgHfjnjBns7SN9HNcbDvPmaGw=="],
  }
}
